
Microsoft Visual Studio Solution File, Format Version 12.00
# Visual Studio Version 16
VisualStudioVersion = 16.0.30406.217
MinimumVisualStudioVersion = 10.0.40219.1
Project("{8BC9CEB8-8B4A-11D0-8D11-00A0C91BC942}") = "parse_iso8601", "parse_iso8601\parse_iso8601.vcxproj", "{14BC7F5E-26DC-405A-91EC-F28A5F4FDDA5}"
EndProject
Global
	GlobalSection(SolutionConfigurationPlatforms) = preSolution
		Debug|x64 = Debug|x64
		Release|x64 = Release|x64
	EndGlobalSection
	GlobalSection(ProjectConfigurationPlatforms) = postSolution
		{14BC7F5E-26DC-405A-91EC-F28A5F4FDDA5}.Debug|x64.ActiveCfg = Debug|x64
		{14BC7F5E-26DC-405A-91EC-F28A5F4FDDA5}.Debug|x64.Build.0 = Debug|x64
		{14BC7F5E-26DC-405A-91EC-F28A5F4FDDA5}.Release|x64.ActiveCfg = Release|x64
		{14BC7F5E-26DC-405A-91EC-F28A5F4FDDA5}.Release|x64.Build.0 = Release|x64
	EndGlobalSection
	GlobalSection(SolutionProperties) = preSolution
		HideSolutionNode = FALSE
	EndGlobalSection
	GlobalSection(ExtensibilityGlobals) = postSolution
		SolutionGuid = {25516860-C47D-41CA-92BC-B89138E62E1D}
	EndGlobalSection
EndGlobal
